// !$*UTF8*$!
{
	archiveVersion = 1;
	classes = {
	};
	objectVersion = 46;
	objects = {

/* Begin PBXBuildFile section */
		890EC1F11B31E0A1004F2175 /* DictateViewController.m in Sources */ = {isa = PBXBuildFile; fileRef = 890EC1F01B31E0A1004F2175 /* DictateViewController.m */; };
		890EC1F41B31E0BC004F2175 /* InformationViewController.m in Sources */ = {isa = PBXBuildFile; fileRef = 890EC1F31B31E0BC004F2175 /* InformationViewController.m */; };
		890EC1F71B31E0D2004F2175 /* RecordViewController.m in Sources */ = {isa = PBXBuildFile; fileRef = 890EC1F61B31E0D2004F2175 /* RecordViewController.m */; };
		890EC1FA1B31E0F2004F2175 /* ReportViewController.m in Sources */ = {isa = PBXBuildFile; fileRef = 890EC1F91B31E0F2004F2175 /* ReportViewController.m */; };
		892113B91B32D6E900BCAFF7 /* NoDataViewCell.m in Sources */ = {isa = PBXBuildFile; fileRef = 892113B81B32D6E900BCAFF7 /* NoDataViewCell.m */; };
		893D03D01B2FCF1200CD178A /* main.m in Sources */ = {isa = PBXBuildFile; fileRef = 893D03CF1B2FCF1200CD178A /* main.m */; };
		893D03D31B2FCF1200CD178A /* AppDelegate.m in Sources */ = {isa = PBXBuildFile; fileRef = 893D03D21B2FCF1200CD178A /* AppDelegate.m */; };
		893D03D91B2FCF1200CD178A /* Main.storyboard in Resources */ = {isa = PBXBuildFile; fileRef = 893D03D71B2FCF1200CD178A /* Main.storyboard */; };
		893D03DB1B2FCF1200CD178A /* Images.xcassets in Resources */ = {isa = PBXBuildFile; fileRef = 893D03DA1B2FCF1200CD178A /* Images.xcassets */; };
		893D03DE1B2FCF1200CD178A /* LaunchScreen.xib in Resources */ = {isa = PBXBuildFile; fileRef = 893D03DC1B2FCF1200CD178A /* LaunchScreen.xib */; };
		893D03EA1B2FCF1300CD178A /* DictastarTests.m in Sources */ = {isa = PBXBuildFile; fileRef = 893D03E91B2FCF1300CD178A /* DictastarTests.m */; };
		893D03F61B2FD08900CD178A /* LoginViewController.m in Sources */ = {isa = PBXBuildFile; fileRef = 893D03F51B2FD08900CD178A /* LoginViewController.m */; };
		893D03FB1B2FD93B00CD178A /* DataController.m in Sources */ = {isa = PBXBuildFile; fileRef = 893D03FA1B2FD93B00CD178A /* DataController.m */; };
		893D04121B2FFC8A00CD178A /* AFHTTPRequestOperation.m in Sources */ = {isa = PBXBuildFile; fileRef = 893D04001B2FFC8A00CD178A /* AFHTTPRequestOperation.m */; };
		893D04131B2FFC8A00CD178A /* AFHTTPRequestOperationManager.m in Sources */ = {isa = PBXBuildFile; fileRef = 893D04021B2FFC8A00CD178A /* AFHTTPRequestOperationManager.m */; };
		893D04141B2FFC8A00CD178A /* AFHTTPSessionManager.m in Sources */ = {isa = PBXBuildFile; fileRef = 893D04041B2FFC8A00CD178A /* AFHTTPSessionManager.m */; };
		893D04151B2FFC8A00CD178A /* AFNetworkReachabilityManager.m in Sources */ = {isa = PBXBuildFile; fileRef = 893D04071B2FFC8A00CD178A /* AFNetworkReachabilityManager.m */; };
		893D04161B2FFC8A00CD178A /* AFSecurityPolicy.m in Sources */ = {isa = PBXBuildFile; fileRef = 893D04091B2FFC8A00CD178A /* AFSecurityPolicy.m */; };
		893D04171B2FFC8A00CD178A /* AFURLConnectionOperation.m in Sources */ = {isa = PBXBuildFile; fileRef = 893D040B1B2FFC8A00CD178A /* AFURLConnectionOperation.m */; };
		893D04181B2FFC8A00CD178A /* AFURLRequestSerialization.m in Sources */ = {isa = PBXBuildFile; fileRef = 893D040D1B2FFC8A00CD178A /* AFURLRequestSerialization.m */; };
		893D04191B2FFC8A00CD178A /* AFURLResponseSerialization.m in Sources */ = {isa = PBXBuildFile; fileRef = 893D040F1B2FFC8A00CD178A /* AFURLResponseSerialization.m */; };
		893D041A1B2FFC8A00CD178A /* AFURLSessionManager.m in Sources */ = {isa = PBXBuildFile; fileRef = 893D04111B2FFC8A00CD178A /* AFURLSessionManager.m */; };
		893D042C1B2FFCA000CD178A /* AFNetworkActivityIndicatorManager.m in Sources */ = {isa = PBXBuildFile; fileRef = 893D041C1B2FFCA000CD178A /* AFNetworkActivityIndicatorManager.m */; };
		893D042D1B2FFCA000CD178A /* UIActivityIndicatorView+AFNetworking.m in Sources */ = {isa = PBXBuildFile; fileRef = 893D041E1B2FFCA000CD178A /* UIActivityIndicatorView+AFNetworking.m */; };
		893D042E1B2FFCA000CD178A /* UIAlertView+AFNetworking.m in Sources */ = {isa = PBXBuildFile; fileRef = 893D04201B2FFCA000CD178A /* UIAlertView+AFNetworking.m */; };
		893D042F1B2FFCA000CD178A /* UIButton+AFNetworking.m in Sources */ = {isa = PBXBuildFile; fileRef = 893D04221B2FFCA000CD178A /* UIButton+AFNetworking.m */; };
		893D04301B2FFCA000CD178A /* UIImageView+AFNetworking.m in Sources */ = {isa = PBXBuildFile; fileRef = 893D04241B2FFCA000CD178A /* UIImageView+AFNetworking.m */; };
		893D04311B2FFCA000CD178A /* UIProgressView+AFNetworking.m in Sources */ = {isa = PBXBuildFile; fileRef = 893D04271B2FFCA000CD178A /* UIProgressView+AFNetworking.m */; };
		893D04321B2FFCA000CD178A /* UIRefreshControl+AFNetworking.m in Sources */ = {isa = PBXBuildFile; fileRef = 893D04291B2FFCA000CD178A /* UIRefreshControl+AFNetworking.m */; };
		893D04331B2FFCA000CD178A /* UIWebView+AFNetworking.m in Sources */ = {isa = PBXBuildFile; fileRef = 893D042B1B2FFCA000CD178A /* UIWebView+AFNetworking.m */; };
		893D04371B2FFD0200CD178A /* BTServicesClient.m in Sources */ = {isa = PBXBuildFile; fileRef = 893D04361B2FFD0200CD178A /* BTServicesClient.m */; };
		893D043C1B30225000CD178A /* HomeViewController.m in Sources */ = {isa = PBXBuildFile; fileRef = 893D043B1B30225000CD178A /* HomeViewController.m */; };
		893D04401B30262600CD178A /* ScheduleViewController.m in Sources */ = {isa = PBXBuildFile; fileRef = 893D043F1B30262600CD178A /* ScheduleViewController.m */; };
		893D04441B30268800CD178A /* SendQViewController.m in Sources */ = {isa = PBXBuildFile; fileRef = 893D04431B30268800CD178A /* SendQViewController.m */; };
		893D04481B3026A100CD178A /* ReviewViewController.m in Sources */ = {isa = PBXBuildFile; fileRef = 893D04471B3026A100CD178A /* ReviewViewController.m */; };
		897A5B2B1B318A4E00C08397 /* ReviewDetailViewController.m in Sources */ = {isa = PBXBuildFile; fileRef = 897A5B2A1B318A4E00C08397 /* ReviewDetailViewController.m */; };
		8994CB9A1B303D8400FBD6E8 /* CustomTableViewCell.m in Sources */ = {isa = PBXBuildFile; fileRef = 8994CB991B303D8400FBD6E8 /* CustomTableViewCell.m */; };
/* End PBXBuildFile section */

/* Begin PBXContainerItemProxy section */
		893D03E41B2FCF1300CD178A /* PBXContainerItemProxy */ = {
			isa = PBXContainerItemProxy;
			containerPortal = 893D03C21B2FCF1200CD178A /* Project object */;
			proxyType = 1;
			remoteGlobalIDString = 893D03C91B2FCF1200CD178A;
			remoteInfo = Dictastar;
		};
/* End PBXContainerItemProxy section */

/* Begin PBXFileReference section */
		890EC1EF1B31E0A1004F2175 /* DictateViewController.h */ = {isa = PBXFileReference; fileEncoding = 4; lastKnownFileType = sourcecode.c.h; path = DictateViewController.h; sourceTree = "<group>"; };
		890EC1F01B31E0A1004F2175 /* DictateViewController.m */ = {isa = PBXFileReference; fileEncoding = 4; lastKnownFileType = sourcecode.c.objc; path = DictateViewController.m; sourceTree = "<group>"; };
		890EC1F21B31E0BC004F2175 /* InformationViewController.h */ = {isa = PBXFileReference; fileEncoding = 4; lastKnownFileType = sourcecode.c.h; path = InformationViewController.h; sourceTree = "<group>"; };
		890EC1F31B31E0BC004F2175 /* InformationViewController.m */ = {isa = PBXFileReference; fileEncoding = 4; lastKnownFileType = sourcecode.c.objc; path = InformationViewController.m; sourceTree = "<group>"; };
		890EC1F51B31E0D2004F2175 /* RecordViewController.h */ = {isa = PBXFileReference; fileEncoding = 4; lastKnownFileType = sourcecode.c.h; path = RecordViewController.h; sourceTree = "<group>"; };
		890EC1F61B31E0D2004F2175 /* RecordViewController.m */ = {isa = PBXFileReference; fileEncoding = 4; lastKnownFileType = sourcecode.c.objc; path = RecordViewController.m; sourceTree = "<group>"; };
		890EC1F81B31E0F2004F2175 /* ReportViewController.h */ = {isa = PBXFileReference; fileEncoding = 4; lastKnownFileType = sourcecode.c.h; path = ReportViewController.h; sourceTree = "<group>"; };
		890EC1F91B31E0F2004F2175 /* ReportViewController.m */ = {isa = PBXFileReference; fileEncoding = 4; lastKnownFileType = sourcecode.c.objc; path = ReportViewController.m; sourceTree = "<group>"; };
		892113B71B32D6E900BCAFF7 /* NoDataViewCell.h */ = {isa = PBXFileReference; fileEncoding = 4; lastKnownFileType = sourcecode.c.h; path = NoDataViewCell.h; sourceTree = "<group>"; };
		892113B81B32D6E900BCAFF7 /* NoDataViewCell.m */ = {isa = PBXFileReference; fileEncoding = 4; lastKnownFileType = sourcecode.c.objc; path = NoDataViewCell.m; sourceTree = "<group>"; };
		893D03CA1B2FCF1200CD178A /* Dictastar.app */ = {isa = PBXFileReference; explicitFileType = wrapper.application; includeInIndex = 0; path = Dictastar.app; sourceTree = BUILT_PRODUCTS_DIR; };
		893D03CE1B2FCF1200CD178A /* Info.plist */ = {isa = PBXFileReference; lastKnownFileType = text.plist.xml; path = Info.plist; sourceTree = "<group>"; };
		893D03CF1B2FCF1200CD178A /* main.m */ = {isa = PBXFileReference; lastKnownFileType = sourcecode.c.objc; path = main.m; sourceTree = "<group>"; };
		893D03D11B2FCF1200CD178A /* AppDelegate.h */ = {isa = PBXFileReference; lastKnownFileType = sourcecode.c.h; path = AppDelegate.h; sourceTree = "<group>"; };
		893D03D21B2FCF1200CD178A /* AppDelegate.m */ = {isa = PBXFileReference; lastKnownFileType = sourcecode.c.objc; path = AppDelegate.m; sourceTree = "<group>"; };
		893D03D81B2FCF1200CD178A /* Base */ = {isa = PBXFileReference; lastKnownFileType = file.storyboard; name = Base; path = Base.lproj/Main.storyboard; sourceTree = "<group>"; };
		893D03DA1B2FCF1200CD178A /* Images.xcassets */ = {isa = PBXFileReference; lastKnownFileType = folder.assetcatalog; path = Images.xcassets; sourceTree = "<group>"; };
		893D03DD1B2FCF1200CD178A /* Base */ = {isa = PBXFileReference; lastKnownFileType = file.xib; name = Base; path = Base.lproj/LaunchScreen.xib; sourceTree = "<group>"; };
		893D03E31B2FCF1300CD178A /* DictastarTests.xctest */ = {isa = PBXFileReference; explicitFileType = wrapper.cfbundle; includeInIndex = 0; path = DictastarTests.xctest; sourceTree = BUILT_PRODUCTS_DIR; };
		893D03E81B2FCF1300CD178A /* Info.plist */ = {isa = PBXFileReference; lastKnownFileType = text.plist.xml; path = Info.plist; sourceTree = "<group>"; };
		893D03E91B2FCF1300CD178A /* DictastarTests.m */ = {isa = PBXFileReference; lastKnownFileType = sourcecode.c.objc; path = DictastarTests.m; sourceTree = "<group>"; };
		893D03F41B2FD08900CD178A /* LoginViewController.h */ = {isa = PBXFileReference; fileEncoding = 4; lastKnownFileType = sourcecode.c.h; path = LoginViewController.h; sourceTree = "<group>"; };
		893D03F51B2FD08900CD178A /* LoginViewController.m */ = {isa = PBXFileReference; fileEncoding = 4; lastKnownFileType = sourcecode.c.objc; path = LoginViewController.m; sourceTree = "<group>"; };
		893D03F81B2FD8DE00CD178A /* Constant.h */ = {isa = PBXFileReference; lastKnownFileType = sourcecode.c.h; path = Constant.h; sourceTree = "<group>"; };
		893D03F91B2FD93B00CD178A /* DataController.h */ = {isa = PBXFileReference; fileEncoding = 4; lastKnownFileType = sourcecode.c.h; path = DataController.h; sourceTree = "<group>"; };
		893D03FA1B2FD93B00CD178A /* DataController.m */ = {isa = PBXFileReference; fileEncoding = 4; lastKnownFileType = sourcecode.c.objc; path = DataController.m; sourceTree = "<group>"; };
		893D03FF1B2FFC8A00CD178A /* AFHTTPRequestOperation.h */ = {isa = PBXFileReference; fileEncoding = 4; lastKnownFileType = sourcecode.c.h; path = AFHTTPRequestOperation.h; sourceTree = "<group>"; };
		893D04001B2FFC8A00CD178A /* AFHTTPRequestOperation.m */ = {isa = PBXFileReference; fileEncoding = 4; lastKnownFileType = sourcecode.c.objc; path = AFHTTPRequestOperation.m; sourceTree = "<group>"; };
		893D04011B2FFC8A00CD178A /* AFHTTPRequestOperationManager.h */ = {isa = PBXFileReference; fileEncoding = 4; lastKnownFileType = sourcecode.c.h; path = AFHTTPRequestOperationManager.h; sourceTree = "<group>"; };
		893D04021B2FFC8A00CD178A /* AFHTTPRequestOperationManager.m */ = {isa = PBXFileReference; fileEncoding = 4; lastKnownFileType = sourcecode.c.objc; path = AFHTTPRequestOperationManager.m; sourceTree = "<group>"; };
		893D04031B2FFC8A00CD178A /* AFHTTPSessionManager.h */ = {isa = PBXFileReference; fileEncoding = 4; lastKnownFileType = sourcecode.c.h; path = AFHTTPSessionManager.h; sourceTree = "<group>"; };
		893D04041B2FFC8A00CD178A /* AFHTTPSessionManager.m */ = {isa = PBXFileReference; fileEncoding = 4; lastKnownFileType = sourcecode.c.objc; path = AFHTTPSessionManager.m; sourceTree = "<group>"; };
		893D04051B2FFC8A00CD178A /* AFNetworking.h */ = {isa = PBXFileReference; fileEncoding = 4; lastKnownFileType = sourcecode.c.h; path = AFNetworking.h; sourceTree = "<group>"; };
		893D04061B2FFC8A00CD178A /* AFNetworkReachabilityManager.h */ = {isa = PBXFileReference; fileEncoding = 4; lastKnownFileType = sourcecode.c.h; path = AFNetworkReachabilityManager.h; sourceTree = "<group>"; };
		893D04071B2FFC8A00CD178A /* AFNetworkReachabilityManager.m */ = {isa = PBXFileReference; fileEncoding = 4; lastKnownFileType = sourcecode.c.objc; path = AFNetworkReachabilityManager.m; sourceTree = "<group>"; };
		893D04081B2FFC8A00CD178A /* AFSecurityPolicy.h */ = {isa = PBXFileReference; fileEncoding = 4; lastKnownFileType = sourcecode.c.h; path = AFSecurityPolicy.h; sourceTree = "<group>"; };
		893D04091B2FFC8A00CD178A /* AFSecurityPolicy.m */ = {isa = PBXFileReference; fileEncoding = 4; lastKnownFileType = sourcecode.c.objc; path = AFSecurityPolicy.m; sourceTree = "<group>"; };
		893D040A1B2FFC8A00CD178A /* AFURLConnectionOperation.h */ = {isa = PBXFileReference; fileEncoding = 4; lastKnownFileType = sourcecode.c.h; path = AFURLConnectionOperation.h; sourceTree = "<group>"; };
		893D040B1B2FFC8A00CD178A /* AFURLConnectionOperation.m */ = {isa = PBXFileReference; fileEncoding = 4; lastKnownFileType = sourcecode.c.objc; path = AFURLConnectionOperation.m; sourceTree = "<group>"; };
		893D040C1B2FFC8A00CD178A /* AFURLRequestSerialization.h */ = {isa = PBXFileReference; fileEncoding = 4; lastKnownFileType = sourcecode.c.h; path = AFURLRequestSerialization.h; sourceTree = "<group>"; };
		893D040D1B2FFC8A00CD178A /* AFURLRequestSerialization.m */ = {isa = PBXFileReference; fileEncoding = 4; lastKnownFileType = sourcecode.c.objc; path = AFURLRequestSerialization.m; sourceTree = "<group>"; };
		893D040E1B2FFC8A00CD178A /* AFURLResponseSerialization.h */ = {isa = PBXFileReference; fileEncoding = 4; lastKnownFileType = sourcecode.c.h; path = AFURLResponseSerialization.h; sourceTree = "<group>"; };
		893D040F1B2FFC8A00CD178A /* AFURLResponseSerialization.m */ = {isa = PBXFileReference; fileEncoding = 4; lastKnownFileType = sourcecode.c.objc; path = AFURLResponseSerialization.m; sourceTree = "<group>"; };
		893D04101B2FFC8A00CD178A /* AFURLSessionManager.h */ = {isa = PBXFileReference; fileEncoding = 4; lastKnownFileType = sourcecode.c.h; path = AFURLSessionManager.h; sourceTree = "<group>"; };
		893D04111B2FFC8A00CD178A /* AFURLSessionManager.m */ = {isa = PBXFileReference; fileEncoding = 4; lastKnownFileType = sourcecode.c.objc; path = AFURLSessionManager.m; sourceTree = "<group>"; };
		893D041B1B2FFCA000CD178A /* AFNetworkActivityIndicatorManager.h */ = {isa = PBXFileReference; fileEncoding = 4; lastKnownFileType = sourcecode.c.h; path = AFNetworkActivityIndicatorManager.h; sourceTree = "<group>"; };
		893D041C1B2FFCA000CD178A /* AFNetworkActivityIndicatorManager.m */ = {isa = PBXFileReference; fileEncoding = 4; lastKnownFileType = sourcecode.c.objc; path = AFNetworkActivityIndicatorManager.m; sourceTree = "<group>"; };
		893D041D1B2FFCA000CD178A /* UIActivityIndicatorView+AFNetworking.h */ = {isa = PBXFileReference; fileEncoding = 4; lastKnownFileType = sourcecode.c.h; path = "UIActivityIndicatorView+AFNetworking.h"; sourceTree = "<group>"; };
		893D041E1B2FFCA000CD178A /* UIActivityIndicatorView+AFNetworking.m */ = {isa = PBXFileReference; fileEncoding = 4; lastKnownFileType = sourcecode.c.objc; path = "UIActivityIndicatorView+AFNetworking.m"; sourceTree = "<group>"; };
		893D041F1B2FFCA000CD178A /* UIAlertView+AFNetworking.h */ = {isa = PBXFileReference; fileEncoding = 4; lastKnownFileType = sourcecode.c.h; path = "UIAlertView+AFNetworking.h"; sourceTree = "<group>"; };
		893D04201B2FFCA000CD178A /* UIAlertView+AFNetworking.m */ = {isa = PBXFileReference; fileEncoding = 4; lastKnownFileType = sourcecode.c.objc; path = "UIAlertView+AFNetworking.m"; sourceTree = "<group>"; };
		893D04211B2FFCA000CD178A /* UIButton+AFNetworking.h */ = {isa = PBXFileReference; fileEncoding = 4; lastKnownFileType = sourcecode.c.h; path = "UIButton+AFNetworking.h"; sourceTree = "<group>"; };
		893D04221B2FFCA000CD178A /* UIButton+AFNetworking.m */ = {isa = PBXFileReference; fileEncoding = 4; lastKnownFileType = sourcecode.c.objc; path = "UIButton+AFNetworking.m"; sourceTree = "<group>"; };
		893D04231B2FFCA000CD178A /* UIImageView+AFNetworking.h */ = {isa = PBXFileReference; fileEncoding = 4; lastKnownFileType = sourcecode.c.h; path = "UIImageView+AFNetworking.h"; sourceTree = "<group>"; };
		893D04241B2FFCA000CD178A /* UIImageView+AFNetworking.m */ = {isa = PBXFileReference; fileEncoding = 4; lastKnownFileType = sourcecode.c.objc; path = "UIImageView+AFNetworking.m"; sourceTree = "<group>"; };
		893D04251B2FFCA000CD178A /* UIKit+AFNetworking.h */ = {isa = PBXFileReference; fileEncoding = 4; lastKnownFileType = sourcecode.c.h; path = "UIKit+AFNetworking.h"; sourceTree = "<group>"; };
		893D04261B2FFCA000CD178A /* UIProgressView+AFNetworking.h */ = {isa = PBXFileReference; fileEncoding = 4; lastKnownFileType = sourcecode.c.h; path = "UIProgressView+AFNetworking.h"; sourceTree = "<group>"; };
		893D04271B2FFCA000CD178A /* UIProgressView+AFNetworking.m */ = {isa = PBXFileReference; fileEncoding = 4; lastKnownFileType = sourcecode.c.objc; path = "UIProgressView+AFNetworking.m"; sourceTree = "<group>"; };
		893D04281B2FFCA000CD178A /* UIRefreshControl+AFNetworking.h */ = {isa = PBXFileReference; fileEncoding = 4; lastKnownFileType = sourcecode.c.h; path = "UIRefreshControl+AFNetworking.h"; sourceTree = "<group>"; };
		893D04291B2FFCA000CD178A /* UIRefreshControl+AFNetworking.m */ = {isa = PBXFileReference; fileEncoding = 4; lastKnownFileType = sourcecode.c.objc; path = "UIRefreshControl+AFNetworking.m"; sourceTree = "<group>"; };
		893D042A1B2FFCA000CD178A /* UIWebView+AFNetworking.h */ = {isa = PBXFileReference; fileEncoding = 4; lastKnownFileType = sourcecode.c.h; path = "UIWebView+AFNetworking.h"; sourceTree = "<group>"; };
		893D042B1B2FFCA000CD178A /* UIWebView+AFNetworking.m */ = {isa = PBXFileReference; fileEncoding = 4; lastKnownFileType = sourcecode.c.objc; path = "UIWebView+AFNetworking.m"; sourceTree = "<group>"; };
		893D04351B2FFD0200CD178A /* BTServicesClient.h */ = {isa = PBXFileReference; fileEncoding = 4; lastKnownFileType = sourcecode.c.h; path = BTServicesClient.h; sourceTree = "<group>"; };
		893D04361B2FFD0200CD178A /* BTServicesClient.m */ = {isa = PBXFileReference; fileEncoding = 4; lastKnownFileType = sourcecode.c.objc; path = BTServicesClient.m; sourceTree = "<group>"; };
		893D043A1B30225000CD178A /* HomeViewController.h */ = {isa = PBXFileReference; fileEncoding = 4; lastKnownFileType = sourcecode.c.h; path = HomeViewController.h; sourceTree = "<group>"; };
		893D043B1B30225000CD178A /* HomeViewController.m */ = {isa = PBXFileReference; fileEncoding = 4; lastKnownFileType = sourcecode.c.objc; path = HomeViewController.m; sourceTree = "<group>"; };
		893D043E1B30262600CD178A /* ScheduleViewController.h */ = {isa = PBXFileReference; fileEncoding = 4; lastKnownFileType = sourcecode.c.h; path = ScheduleViewController.h; sourceTree = "<group>"; };
		893D043F1B30262600CD178A /* ScheduleViewController.m */ = {isa = PBXFileReference; fileEncoding = 4; lastKnownFileType = sourcecode.c.objc; path = ScheduleViewController.m; sourceTree = "<group>"; };
		893D04421B30268800CD178A /* SendQViewController.h */ = {isa = PBXFileReference; fileEncoding = 4; lastKnownFileType = sourcecode.c.h; path = SendQViewController.h; sourceTree = "<group>"; };
		893D04431B30268800CD178A /* SendQViewController.m */ = {isa = PBXFileReference; fileEncoding = 4; lastKnownFileType = sourcecode.c.objc; path = SendQViewController.m; sourceTree = "<group>"; };
		893D04461B3026A100CD178A /* ReviewViewController.h */ = {isa = PBXFileReference; fileEncoding = 4; lastKnownFileType = sourcecode.c.h; path = ReviewViewController.h; sourceTree = "<group>"; };
		893D04471B3026A100CD178A /* ReviewViewController.m */ = {isa = PBXFileReference; fileEncoding = 4; lastKnownFileType = sourcecode.c.objc; path = ReviewViewController.m; sourceTree = "<group>"; };
		897A5B291B318A4E00C08397 /* ReviewDetailViewController.h */ = {isa = PBXFileReference; fileEncoding = 4; lastKnownFileType = sourcecode.c.h; path = ReviewDetailViewController.h; sourceTree = "<group>"; };
		897A5B2A1B318A4E00C08397 /* ReviewDetailViewController.m */ = {isa = PBXFileReference; fileEncoding = 4; lastKnownFileType = sourcecode.c.objc; path = ReviewDetailViewController.m; sourceTree = "<group>"; };
		8994CB981B303D8400FBD6E8 /* CustomTableViewCell.h */ = {isa = PBXFileReference; fileEncoding = 4; lastKnownFileType = sourcecode.c.h; path = CustomTableViewCell.h; sourceTree = "<group>"; };
		8994CB991B303D8400FBD6E8 /* CustomTableViewCell.m */ = {isa = PBXFileReference; fileEncoding = 4; lastKnownFileType = sourcecode.c.objc; path = CustomTableViewCell.m; sourceTree = "<group>"; };
/* End PBXFileReference section */

/* Begin PBXFrameworksBuildPhase section */
		893D03C71B2FCF1200CD178A /* Frameworks */ = {
			isa = PBXFrameworksBuildPhase;
			buildActionMask = 2147483647;
			files = (
			);
			runOnlyForDeploymentPostprocessing = 0;
		};
		893D03E01B2FCF1300CD178A /* Frameworks */ = {
			isa = PBXFrameworksBuildPhase;
			buildActionMask = 2147483647;
			files = (
			);
			runOnlyForDeploymentPostprocessing = 0;
		};
/* End PBXFrameworksBuildPhase section */

/* Begin PBXGroup section */
		890EC1EE1B31E084004F2175 /* DictateVC */ = {
			isa = PBXGroup;
			children = (
				890EC1EF1B31E0A1004F2175 /* DictateViewController.h */,
				890EC1F01B31E0A1004F2175 /* DictateViewController.m */,
				890EC1F21B31E0BC004F2175 /* InformationViewController.h */,
				890EC1F31B31E0BC004F2175 /* InformationViewController.m */,
				890EC1F51B31E0D2004F2175 /* RecordViewController.h */,
				890EC1F61B31E0D2004F2175 /* RecordViewController.m */,
				890EC1F81B31E0F2004F2175 /* ReportViewController.h */,
				890EC1F91B31E0F2004F2175 /* ReportViewController.m */,
			);
			name = DictateVC;
			sourceTree = "<group>";
		};
		893D03C11B2FCF1200CD178A = {
			isa = PBXGroup;
			children = (
				893D03CC1B2FCF1200CD178A /* Dictastar */,
				893D03E61B2FCF1300CD178A /* DictastarTests */,
				893D03CB1B2FCF1200CD178A /* Products */,
			);
			sourceTree = "<group>";
		};
		893D03CB1B2FCF1200CD178A /* Products */ = {
			isa = PBXGroup;
			children = (
				893D03CA1B2FCF1200CD178A /* Dictastar.app */,
				893D03E31B2FCF1300CD178A /* DictastarTests.xctest */,
			);
			name = Products;
			sourceTree = "<group>";
		};
		893D03CC1B2FCF1200CD178A /* Dictastar */ = {
			isa = PBXGroup;
			children = (
				897A5AF41B317BB400C08397 /* Third Party */,
				8994CB971B303D4400FBD6E8 /* Views */,
				893D03FC1B2FFC5700CD178A /* AFNetworking */,
				893D03F71B2FD8B900CD178A /* Utilities */,
				893D03F31B2FD06D00CD178A /* ViewControllers */,
				893D03D11B2FCF1200CD178A /* AppDelegate.h */,
				893D03D21B2FCF1200CD178A /* AppDelegate.m */,
				893D03D71B2FCF1200CD178A /* Main.storyboard */,
				893D03DA1B2FCF1200CD178A /* Images.xcassets */,
				893D03DC1B2FCF1200CD178A /* LaunchScreen.xib */,
				893D03CD1B2FCF1200CD178A /* Supporting Files */,
			);
			path = Dictastar;
			sourceTree = "<group>";
		};
		893D03CD1B2FCF1200CD178A /* Supporting Files */ = {
			isa = PBXGroup;
			children = (
				893D03CE1B2FCF1200CD178A /* Info.plist */,
				893D03CF1B2FCF1200CD178A /* main.m */,
			);
			name = "Supporting Files";
			sourceTree = "<group>";
		};
		893D03E61B2FCF1300CD178A /* DictastarTests */ = {
			isa = PBXGroup;
			children = (
				893D03E91B2FCF1300CD178A /* DictastarTests.m */,
				893D03E71B2FCF1300CD178A /* Supporting Files */,
			);
			path = DictastarTests;
			sourceTree = "<group>";
		};
		893D03E71B2FCF1300CD178A /* Supporting Files */ = {
			isa = PBXGroup;
			children = (
				893D03E81B2FCF1300CD178A /* Info.plist */,
			);
			name = "Supporting Files";
			sourceTree = "<group>";
		};
		893D03F31B2FD06D00CD178A /* ViewControllers */ = {
			isa = PBXGroup;
			children = (
				890EC1EE1B31E084004F2175 /* DictateVC */,
				893D04451B30269100CD178A /* ReviewVC */,
				893D04411B30266E00CD178A /* SendQVC */,
				893D043D1B30261300CD178A /* ScheduleVC */,
				893D04391B3021B000CD178A /* HomeVC */,
				893D04381B3021A100CD178A /* LoginVC */,
			);
			name = ViewControllers;
			sourceTree = "<group>";
		};
		893D03F71B2FD8B900CD178A /* Utilities */ = {
			isa = PBXGroup;
			children = (
				893D04351B2FFD0200CD178A /* BTServicesClient.h */,
				893D04361B2FFD0200CD178A /* BTServicesClient.m */,
				893D03F81B2FD8DE00CD178A /* Constant.h */,
				893D03F91B2FD93B00CD178A /* DataController.h */,
				893D03FA1B2FD93B00CD178A /* DataController.m */,
			);
			name = Utilities;
			sourceTree = "<group>";
		};
		893D03FC1B2FFC5700CD178A /* AFNetworking */ = {
			isa = PBXGroup;
			children = (
				893D03FE1B2FFC6B00CD178A /* UIKit + AFNetworking */,
				893D03FD1B2FFC6300CD178A /* AFNetworking */,
			);
			name = AFNetworking;
			sourceTree = "<group>";
		};
		893D03FD1B2FFC6300CD178A /* AFNetworking */ = {
			isa = PBXGroup;
			children = (
				893D03FF1B2FFC8A00CD178A /* AFHTTPRequestOperation.h */,
				893D04001B2FFC8A00CD178A /* AFHTTPRequestOperation.m */,
				893D04011B2FFC8A00CD178A /* AFHTTPRequestOperationManager.h */,
				893D04021B2FFC8A00CD178A /* AFHTTPRequestOperationManager.m */,
				893D04031B2FFC8A00CD178A /* AFHTTPSessionManager.h */,
				893D04041B2FFC8A00CD178A /* AFHTTPSessionManager.m */,
				893D04051B2FFC8A00CD178A /* AFNetworking.h */,
				893D04061B2FFC8A00CD178A /* AFNetworkReachabilityManager.h */,
				893D04071B2FFC8A00CD178A /* AFNetworkReachabilityManager.m */,
				893D04081B2FFC8A00CD178A /* AFSecurityPolicy.h */,
				893D04091B2FFC8A00CD178A /* AFSecurityPolicy.m */,
				893D040A1B2FFC8A00CD178A /* AFURLConnectionOperation.h */,
				893D040B1B2FFC8A00CD178A /* AFURLConnectionOperation.m */,
				893D040C1B2FFC8A00CD178A /* AFURLRequestSerialization.h */,
				893D040D1B2FFC8A00CD178A /* AFURLRequestSerialization.m */,
				893D040E1B2FFC8A00CD178A /* AFURLResponseSerialization.h */,
				893D040F1B2FFC8A00CD178A /* AFURLResponseSerialization.m */,
				893D04101B2FFC8A00CD178A /* AFURLSessionManager.h */,
				893D04111B2FFC8A00CD178A /* AFURLSessionManager.m */,
			);
			name = AFNetworking;
			sourceTree = "<group>";
		};
		893D03FE1B2FFC6B00CD178A /* UIKit + AFNetworking */ = {
			isa = PBXGroup;
			children = (
				893D041B1B2FFCA000CD178A /* AFNetworkActivityIndicatorManager.h */,
				893D041C1B2FFCA000CD178A /* AFNetworkActivityIndicatorManager.m */,
				893D041D1B2FFCA000CD178A /* UIActivityIndicatorView+AFNetworking.h */,
				893D041E1B2FFCA000CD178A /* UIActivityIndicatorView+AFNetworking.m */,
				893D041F1B2FFCA000CD178A /* UIAlertView+AFNetworking.h */,
				893D04201B2FFCA000CD178A /* UIAlertView+AFNetworking.m */,
				893D04211B2FFCA000CD178A /* UIButton+AFNetworking.h */,
				893D04221B2FFCA000CD178A /* UIButton+AFNetworking.m */,
				893D04231B2FFCA000CD178A /* UIImageView+AFNetworking.h */,
				893D04241B2FFCA000CD178A /* UIImageView+AFNetworking.m */,
				893D04251B2FFCA000CD178A /* UIKit+AFNetworking.h */,
				893D04261B2FFCA000CD178A /* UIProgressView+AFNetworking.h */,
				893D04271B2FFCA000CD178A /* UIProgressView+AFNetworking.m */,
				893D04281B2FFCA000CD178A /* UIRefreshControl+AFNetworking.h */,
				893D04291B2FFCA000CD178A /* UIRefreshControl+AFNetworking.m */,
				893D042A1B2FFCA000CD178A /* UIWebView+AFNetworking.h */,
				893D042B1B2FFCA000CD178A /* UIWebView+AFNetworking.m */,
			);
			name = "UIKit + AFNetworking";
			sourceTree = "<group>";
		};
		893D04381B3021A100CD178A /* LoginVC */ = {
			isa = PBXGroup;
			children = (
				893D03F41B2FD08900CD178A /* LoginViewController.h */,
				893D03F51B2FD08900CD178A /* LoginViewController.m */,
			);
			name = LoginVC;
			sourceTree = "<group>";
		};
		893D04391B3021B000CD178A /* HomeVC */ = {
			isa = PBXGroup;
			children = (
				893D043A1B30225000CD178A /* HomeViewController.h */,
				893D043B1B30225000CD178A /* HomeViewController.m */,
			);
			name = HomeVC;
			sourceTree = "<group>";
		};
		893D043D1B30261300CD178A /* ScheduleVC */ = {
			isa = PBXGroup;
			children = (
				893D043E1B30262600CD178A /* ScheduleViewController.h */,
				893D043F1B30262600CD178A /* ScheduleViewController.m */,
			);
			name = ScheduleVC;
			sourceTree = "<group>";
		};
		893D04411B30266E00CD178A /* SendQVC */ = {
			isa = PBXGroup;
			children = (
				893D04421B30268800CD178A /* SendQViewController.h */,
				893D04431B30268800CD178A /* SendQViewController.m */,
			);
			name = SendQVC;
			sourceTree = "<group>";
		};
		893D04451B30269100CD178A /* ReviewVC */ = {
			isa = PBXGroup;
			children = (
				893D04461B3026A100CD178A /* ReviewViewController.h */,
				893D04471B3026A100CD178A /* ReviewViewController.m */,
				897A5B291B318A4E00C08397 /* ReviewDetailViewController.h */,
				897A5B2A1B318A4E00C08397 /* ReviewDetailViewController.m */,
			);
			name = ReviewVC;
			sourceTree = "<group>";
		};
		897A5AF41B317BB400C08397 /* Third Party */ = {
			isa = PBXGroup;
			children = (
			);
			name = "Third Party";
			sourceTree = "<group>";
		};
		8994CB971B303D4400FBD6E8 /* Views */ = {
			isa = PBXGroup;
			children = (
				8994CB981B303D8400FBD6E8 /* CustomTableViewCell.h */,
				8994CB991B303D8400FBD6E8 /* CustomTableViewCell.m */,
				892113B71B32D6E900BCAFF7 /* NoDataViewCell.h */,
				892113B81B32D6E900BCAFF7 /* NoDataViewCell.m */,
			);
			name = Views;
			sourceTree = "<group>";
		};
/* End PBXGroup section */

/* Begin PBXNativeTarget section */
		893D03C91B2FCF1200CD178A /* Dictastar */ = {
			isa = PBXNativeTarget;
			buildConfigurationList = 893D03ED1B2FCF1300CD178A /* Build configuration list for PBXNativeTarget "Dictastar" */;
			buildPhases = (
				893D03C61B2FCF1200CD178A /* Sources */,
				893D03C71B2FCF1200CD178A /* Frameworks */,
				893D03C81B2FCF1200CD178A /* Resources */,
			);
			buildRules = (
			);
			dependencies = (
			);
			name = Dictastar;
			productName = Dictastar;
			productReference = 893D03CA1B2FCF1200CD178A /* Dictastar.app */;
			productType = "com.apple.product-type.application";
		};
		893D03E21B2FCF1300CD178A /* DictastarTests */ = {
			isa = PBXNativeTarget;
			buildConfigurationList = 893D03F01B2FCF1300CD178A /* Build configuration list for PBXNativeTarget "DictastarTests" */;
			buildPhases = (
				893D03DF1B2FCF1300CD178A /* Sources */,
				893D03E01B2FCF1300CD178A /* Frameworks */,
				893D03E11B2FCF1300CD178A /* Resources */,
			);
			buildRules = (
			);
			dependencies = (
				893D03E51B2FCF1300CD178A /* PBXTargetDependency */,
			);
			name = DictastarTests;
			productName = DictastarTests;
			productReference = 893D03E31B2FCF1300CD178A /* DictastarTests.xctest */;
			productType = "com.apple.product-type.bundle.unit-test";
		};
/* End PBXNativeTarget section */

/* Begin PBXProject section */
		893D03C21B2FCF1200CD178A /* Project object */ = {
			isa = PBXProject;
			attributes = {
				LastUpgradeCheck = 0630;
				ORGANIZATIONNAME = mohamed;
				TargetAttributes = {
					893D03C91B2FCF1200CD178A = {
						CreatedOnToolsVersion = 6.3.2;
						DevelopmentTeam = 9725FJGA2L;
					};
					893D03E21B2FCF1300CD178A = {
						CreatedOnToolsVersion = 6.3.2;
						TestTargetID = 893D03C91B2FCF1200CD178A;
					};
				};
			};
			buildConfigurationList = 893D03C51B2FCF1200CD178A /* Build configuration list for PBXProject "Dictastar" */;
			compatibilityVersion = "Xcode 3.2";
			developmentRegion = English;
			hasScannedForEncodings = 0;
			knownRegions = (
				en,
				Base,
			);
			mainGroup = 893D03C11B2FCF1200CD178A;
			productRefGroup = 893D03CB1B2FCF1200CD178A /* Products */;
			projectDirPath = "";
			projectRoot = "";
			targets = (
				893D03C91B2FCF1200CD178A /* Dictastar */,
				893D03E21B2FCF1300CD178A /* DictastarTests */,
			);
		};
/* End PBXProject section */

/* Begin PBXResourcesBuildPhase section */
		893D03C81B2FCF1200CD178A /* Resources */ = {
			isa = PBXResourcesBuildPhase;
			buildActionMask = 2147483647;
			files = (
				893D03D91B2FCF1200CD178A /* Main.storyboard in Resources */,
				893D03DE1B2FCF1200CD178A /* LaunchScreen.xib in Resources */,
				893D03DB1B2FCF1200CD178A /* Images.xcassets in Resources */,
			);
			runOnlyForDeploymentPostprocessing = 0;
		};
		893D03E11B2FCF1300CD178A /* Resources */ = {
			isa = PBXResourcesBuildPhase;
			buildActionMask = 2147483647;
			files = (
			);
			runOnlyForDeploymentPostprocessing = 0;
		};
/* End PBXResourcesBuildPhase section */

/* Begin PBXSourcesBuildPhase section */
		893D03C61B2FCF1200CD178A /* Sources */ = {
			isa = PBXSourcesBuildPhase;
			buildActionMask = 2147483647;
			files = (
				893D04311B2FFCA000CD178A /* UIProgressView+AFNetworking.m in Sources */,
				893D042F1B2FFCA000CD178A /* UIButton+AFNetworking.m in Sources */,
				893D04321B2FFCA000CD178A /* UIRefreshControl+AFNetworking.m in Sources */,
				893D042E1B2FFCA000CD178A /* UIAlertView+AFNetworking.m in Sources */,
				893D03D31B2FCF1200CD178A /* AppDelegate.m in Sources */,
				893D04161B2FFC8A00CD178A /* AFSecurityPolicy.m in Sources */,
				893D03FB1B2FD93B00CD178A /* DataController.m in Sources */,
				897A5B2B1B318A4E00C08397 /* ReviewDetailViewController.m in Sources */,
				893D04401B30262600CD178A /* ScheduleViewController.m in Sources */,
				893D04131B2FFC8A00CD178A /* AFHTTPRequestOperationManager.m in Sources */,
				893D04171B2FFC8A00CD178A /* AFURLConnectionOperation.m in Sources */,
				893D043C1B30225000CD178A /* HomeViewController.m in Sources */,
				893D04301B2FFCA000CD178A /* UIImageView+AFNetworking.m in Sources */,
				890EC1FA1B31E0F2004F2175 /* ReportViewController.m in Sources */,
				893D04121B2FFC8A00CD178A /* AFHTTPRequestOperation.m in Sources */,
				890EC1F71B31E0D2004F2175 /* RecordViewController.m in Sources */,
				892113B91B32D6E900BCAFF7 /* NoDataViewCell.m in Sources */,
				893D042D1B2FFCA000CD178A /* UIActivityIndicatorView+AFNetworking.m in Sources */,
				893D03D01B2FCF1200CD178A /* main.m in Sources */,
				890EC1F41B31E0BC004F2175 /* InformationViewController.m in Sources */,
				893D04181B2FFC8A00CD178A /* AFURLRequestSerialization.m in Sources */,
				893D04141B2FFC8A00CD178A /* AFHTTPSessionManager.m in Sources */,
				893D04151B2FFC8A00CD178A /* AFNetworkReachabilityManager.m in Sources */,
				893D04191B2FFC8A00CD178A /* AFURLResponseSerialization.m in Sources */,
				893D04331B2FFCA000CD178A /* UIWebView+AFNetworking.m in Sources */,
				893D041A1B2FFC8A00CD178A /* AFURLSessionManager.m in Sources */,
				890EC1F11B31E0A1004F2175 /* DictateViewController.m in Sources */,
				893D042C1B2FFCA000CD178A /* AFNetworkActivityIndicatorManager.m in Sources */,
				893D04481B3026A100CD178A /* ReviewViewController.m in Sources */,
				8994CB9A1B303D8400FBD6E8 /* CustomTableViewCell.m in Sources */,
				893D04371B2FFD0200CD178A /* BTServicesClient.m in Sources */,
				893D03F61B2FD08900CD178A /* LoginViewController.m in Sources */,
				893D04441B30268800CD178A /* SendQViewController.m in Sources */,
			);
			runOnlyForDeploymentPostprocessing = 0;
		};
		893D03DF1B2FCF1300CD178A /* Sources */ = {
			isa = PBXSourcesBuildPhase;
			buildActionMask = 2147483647;
			files = (
				893D03EA1B2FCF1300CD178A /* DictastarTests.m in Sources */,
			);
			runOnlyForDeploymentPostprocessing = 0;
		};
/* End PBXSourcesBuildPhase section */

/* Begin PBXTargetDependency section */
		893D03E51B2FCF1300CD178A /* PBXTargetDependency */ = {
			isa = PBXTargetDependency;
			target = 893D03C91B2FCF1200CD178A /* Dictastar */;
			targetProxy = 893D03E41B2FCF1300CD178A /* PBXContainerItemProxy */;
		};
/* End PBXTargetDependency section */

/* Begin PBXVariantGroup section */
		893D03D71B2FCF1200CD178A /* Main.storyboard */ = {
			isa = PBXVariantGroup;
			children = (
				893D03D81B2FCF1200CD178A /* Base */,
			);
			name = Main.storyboard;
			sourceTree = "<group>";
		};
		893D03DC1B2FCF1200CD178A /* LaunchScreen.xib */ = {
			isa = PBXVariantGroup;
			children = (
				893D03DD1B2FCF1200CD178A /* Base */,
			);
			name = LaunchScreen.xib;
			sourceTree = "<group>";
		};
/* End PBXVariantGroup section */

/* Begin XCBuildConfiguration section */
		893D03EB1B2FCF1300CD178A /* Debug */ = {
			isa = XCBuildConfiguration;
			buildSettings = {
				ALWAYS_SEARCH_USER_PATHS = NO;
				CLANG_CXX_LANGUAGE_STANDARD = "gnu++0x";
				CLANG_CXX_LIBRARY = "libc++";
				CLANG_ENABLE_MODULES = YES;
				CLANG_ENABLE_OBJC_ARC = YES;
				CLANG_WARN_BOOL_CONVERSION = YES;
				CLANG_WARN_CONSTANT_CONVERSION = YES;
				CLANG_WARN_DIRECT_OBJC_ISA_USAGE = YES_ERROR;
				CLANG_WARN_EMPTY_BODY = YES;
				CLANG_WARN_ENUM_CONVERSION = YES;
				CLANG_WARN_INT_CONVERSION = YES;
				CLANG_WARN_OBJC_ROOT_CLASS = YES_ERROR;
				CLANG_WARN_UNREACHABLE_CODE = YES;
				CLANG_WARN__DUPLICATE_METHOD_MATCH = YES;
				CODE_SIGN_IDENTITY = "iPhone Distribution: KAMALAM INFOTECH (9725FJGA2L)";
				"CODE_SIGN_IDENTITY[sdk=iphoneos*]" = "iPhone Distribution: KAMALAM INFOTECH (9725FJGA2L)";
				COPY_PHASE_STRIP = NO;
				DEBUG_INFORMATION_FORMAT = "dwarf-with-dsym";
				DEFINES_MODULE = YES;
				ENABLE_STRICT_OBJC_MSGSEND = YES;
				GCC_C_LANGUAGE_STANDARD = gnu99;
				GCC_DYNAMIC_NO_PIC = NO;
				GCC_NO_COMMON_BLOCKS = YES;
				GCC_OPTIMIZATION_LEVEL = 0;
				GCC_PREPROCESSOR_DEFINITIONS = (
					"DEBUG=1",
					"$(inherited)",
				);
				GCC_SYMBOLS_PRIVATE_EXTERN = NO;
				GCC_WARN_64_TO_32_BIT_CONVERSION = YES;
				GCC_WARN_ABOUT_RETURN_TYPE = YES_ERROR;
				GCC_WARN_UNDECLARED_SELECTOR = YES;
				GCC_WARN_UNINITIALIZED_AUTOS = YES_AGGRESSIVE;
				GCC_WARN_UNUSED_FUNCTION = YES;
				GCC_WARN_UNUSED_VARIABLE = YES;
				IPHONEOS_DEPLOYMENT_TARGET = 8.3;
				MTL_ENABLE_DEBUG_INFO = YES;
				ONLY_ACTIVE_ARCH = YES;
				PROVISIONING_PROFILE = "86bf0c96-7969-4da1-bd7f-c0f2813aeb85";
				SDKROOT = iphoneos;
			};
			name = Debug;
		};
		893D03EC1B2FCF1300CD178A /* Release */ = {
			isa = XCBuildConfiguration;
			buildSettings = {
				ALWAYS_SEARCH_USER_PATHS = NO;
				CLANG_CXX_LANGUAGE_STANDARD = "gnu++0x";
				CLANG_CXX_LIBRARY = "libc++";
				CLANG_ENABLE_MODULES = YES;
				CLANG_ENABLE_OBJC_ARC = YES;
				CLANG_WARN_BOOL_CONVERSION = YES;
				CLANG_WARN_CONSTANT_CONVERSION = YES;
				CLANG_WARN_DIRECT_OBJC_ISA_USAGE = YES_ERROR;
				CLANG_WARN_EMPTY_BODY = YES;
				CLANG_WARN_ENUM_CONVERSION = YES;
				CLANG_WARN_INT_CONVERSION = YES;
				CLANG_WARN_OBJC_ROOT_CLASS = YES_ERROR;
				CLANG_WARN_UNREACHABLE_CODE = YES;
				CLANG_WARN__DUPLICATE_METHOD_MATCH = YES;
				CODE_SIGN_IDENTITY = "iPhone Distribution: KAMALAM INFOTECH (9725FJGA2L)";
				"CODE_SIGN_IDENTITY[sdk=iphoneos*]" = "iPhone Distribution: KAMALAM INFOTECH (9725FJGA2L)";
				COPY_PHASE_STRIP = NO;
				DEBUG_INFORMATION_FORMAT = "dwarf-with-dsym";
				DEFINES_MODULE = YES;
				ENABLE_NS_ASSERTIONS = NO;
				ENABLE_STRICT_OBJC_MSGSEND = YES;
				GCC_C_LANGUAGE_STANDARD = gnu99;
				GCC_NO_COMMON_BLOCKS = YES;
				GCC_WARN_64_TO_32_BIT_CONVERSION = YES;
				GCC_WARN_ABOUT_RETURN_TYPE = YES_ERROR;
				GCC_WARN_UNDECLARED_SELECTOR = YES;
				GCC_WARN_UNINITIALIZED_AUTOS = YES_AGGRESSIVE;
				GCC_WARN_UNUSED_FUNCTION = YES;
				GCC_WARN_UNUSED_VARIABLE = YES;
				IPHONEOS_DEPLOYMENT_TARGET = 8.3;
				MTL_ENABLE_DEBUG_INFO = NO;
				PROVISIONING_PROFILE = "86bf0c96-7969-4da1-bd7f-c0f2813aeb85";
				SDKROOT = iphoneos;
				VALIDATE_PRODUCT = YES;
			};
			name = Release;
		};
		893D03EE1B2FCF1300CD178A /* Debug */ = {
			isa = XCBuildConfiguration;
			buildSettings = {
				ASSETCATALOG_COMPILER_APPICON_NAME = AppIcon;
				CLANG_ENABLE_MODULES = YES;
				CODE_SIGN_IDENTITY = "iPhone Developer";
				"CODE_SIGN_IDENTITY[sdk=iphoneos*]" = "iPhone Developer";
				INFOPLIST_FILE = Dictastar/Info.plist;
				LD_RUNPATH_SEARCH_PATHS = "$(inherited) @executable_path/Frameworks";
				PRODUCT_NAME = "$(TARGET_NAME)";
				PROVISIONING_PROFILE = "";
				SWIFT_OBJC_BRIDGING_HEADER = "Dictastar/Dictastar-Bridging-Header.h";
				SWIFT_OPTIMIZATION_LEVEL = "-Onone";
			};
			name = Debug;
		};
		893D03EF1B2FCF1300CD178A /* Release */ = {
			isa = XCBuildConfiguration;
			buildSettings = {
				ASSETCATALOG_COMPILER_APPICON_NAME = AppIcon;
				CLANG_ENABLE_MODULES = YES;
				CODE_SIGN_IDENTITY = "iPhone Developer";
				"CODE_SIGN_IDENTITY[sdk=iphoneos*]" = "iPhone Developer";
				INFOPLIST_FILE = Dictastar/Info.plist;
				LD_RUNPATH_SEARCH_PATHS = "$(inherited) @executable_path/Frameworks";
				PRODUCT_NAME = "$(TARGET_NAME)";
				PROVISIONING_PROFILE = "";
				SWIFT_OBJC_BRIDGING_HEADER = "Dictastar/Dictastar-Bridging-Header.h";
			};
			name = Release;
		};
		893D03F11B2FCF1300CD178A /* Debug */ = {
			isa = XCBuildConfiguration;
			buildSettings = {
				BUNDLE_LOADER = "$(TEST_HOST)";
				FRAMEWORK_SEARCH_PATHS = (
					"$(SDKROOT)/Developer/Library/Frameworks",
					"$(inherited)",
				);
				GCC_PREPROCESSOR_DEFINITIONS = (
					"DEBUG=1",
					"$(inherited)",
				);
				INFOPLIST_FILE = DictastarTests/Info.plist;
				LD_RUNPATH_SEARCH_PATHS = "$(inherited) @executable_path/Frameworks @loader_path/Frameworks";
				PRODUCT_NAME = "$(TARGET_NAME)";
				TEST_HOST = "$(BUILT_PRODUCTS_DIR)/Dictastar.app/Dictastar";
			};
			name = Debug;
		};
		893D03F21B2FCF1300CD178A /* Release */ = {
			isa = XCBuildConfiguration;
			buildSettings = {
				BUNDLE_LOADER = "$(TEST_HOST)";
				FRAMEWORK_SEARCH_PATHS = (
					"$(SDKROOT)/Developer/Library/Frameworks",
					"$(inherited)",
				);
				INFOPLIST_FILE = DictastarTests/Info.plist;
				LD_RUNPATH_SEARCH_PATHS = "$(inherited) @executable_path/Frameworks @loader_path/Frameworks";
				PRODUCT_NAME = "$(TARGET_NAME)";
				TEST_HOST = "$(BUILT_PRODUCTS_DIR)/Dictastar.app/Dictastar";
			};
			name = Release;
		};
/* End XCBuildConfiguration section */

/* Begin XCConfigurationList section */
		893D03C51B2FCF1200CD178A /* Build configuration list for PBXProject "Dictastar" */ = {
			isa = XCConfigurationList;
			buildConfigurations = (
				893D03EB1B2FCF1300CD178A /* Debug */,
				893D03EC1B2FCF1300CD178A /* Release */,
			);
			defaultConfigurationIsVisible = 0;
			defaultConfigurationName = Release;
		};
		893D03ED1B2FCF1300CD178A /* Build configuration list for PBXNativeTarget "Dictastar" */ = {
			isa = XCConfigurationList;
			buildConfigurations = (
				893D03EE1B2FCF1300CD178A /* Debug */,
				893D03EF1B2FCF1300CD178A /* Release */,
			);
			defaultConfigurationIsVisible = 0;
			defaultConfigurationName = Release;
		};
		893D03F01B2FCF1300CD178A /* Build configuration list for PBXNativeTarget "DictastarTests" */ = {
			isa = XCConfigurationList;
			buildConfigurations = (
				893D03F11B2FCF1300CD178A /* Debug */,
				893D03F21B2FCF1300CD178A /* Release */,
			);
			defaultConfigurationIsVisible = 0;
			defaultConfigurationName = Release;
		};
/* End XCConfigurationList section */
	};
	rootObject = 893D03C21B2FCF1200CD178A /* Project object */;
}
